
Microsoft Visual Studio Solution File, Format Version 12.00
# Visual Studio Version 17
VisualStudioVersion = 17.2.32630.192
MinimumVisualStudioVersion = 10.0.40219.1
Project("{FAE04EC0-301F-11D3-BF4B-00C04F79EFBC}") = "TEST", "TEST\TEST.csproj", "{7A5C1651-F396-4723-A6B5-658E88C428F7}"
EndProject
Project("{FAE04EC0-301F-11D3-BF4B-00C04F79EFBC}") = "TEST_Models", "TEST_Models\TEST_Models.csproj", "{3339DB93-CE9B-474A-9F99-B22DBC06F3F5}"
EndProject
Project("{FAE04EC0-301F-11D3-BF4B-00C04F79EFBC}") = "TEST_DataAccess", "TEST_DataAccess\TEST_DataAccess.csproj", "{A6CCA9F4-978F-484F-8F8B-216D871470A8}"
EndProject
Global
	GlobalSection(SolutionConfigurationPlatforms) = preSolution
		Debug|Any CPU = Debug|Any CPU
		Release|Any CPU = Release|Any CPU
	EndGlobalSection
	GlobalSection(ProjectConfigurationPlatforms) = postSolution
		{7A5C1651-F396-4723-A6B5-658E88C428F7}.Debug|Any CPU.ActiveCfg = Debug|Any CPU
		{7A5C1651-F396-4723-A6B5-658E88C428F7}.Debug|Any CPU.Build.0 = Debug|Any CPU
		{7A5C1651-F396-4723-A6B5-658E88C428F7}.Release|Any CPU.ActiveCfg = Release|Any CPU
		{7A5C1651-F396-4723-A6B5-658E88C428F7}.Release|Any CPU.Build.0 = Release|Any CPU
		{3339DB93-CE9B-474A-9F99-B22DBC06F3F5}.Debug|Any CPU.ActiveCfg = Debug|Any CPU
		{3339DB93-CE9B-474A-9F99-B22DBC06F3F5}.Debug|Any CPU.Build.0 = Debug|Any CPU
		{3339DB93-CE9B-474A-9F99-B22DBC06F3F5}.Release|Any CPU.ActiveCfg = Release|Any CPU
		{3339DB93-CE9B-474A-9F99-B22DBC06F3F5}.Release|Any CPU.Build.0 = Release|Any CPU
		{A6CCA9F4-978F-484F-8F8B-216D871470A8}.Debug|Any CPU.ActiveCfg = Debug|Any CPU
		{A6CCA9F4-978F-484F-8F8B-216D871470A8}.Debug|Any CPU.Build.0 = Debug|Any CPU
		{A6CCA9F4-978F-484F-8F8B-216D871470A8}.Release|Any CPU.ActiveCfg = Release|Any CPU
		{A6CCA9F4-978F-484F-8F8B-216D871470A8}.Release|Any CPU.Build.0 = Release|Any CPU
	EndGlobalSection
	GlobalSection(SolutionProperties) = preSolution
		HideSolutionNode = FALSE
	EndGlobalSection
	GlobalSection(ExtensibilityGlobals) = postSolution
		SolutionGuid = {CE404CDF-A1F6-4AD3-B60C-CF67F203BC7E}
	EndGlobalSection
EndGlobal
